// !$*UTF8*$!
{
	archiveVersion = 1;
	classes = {
	};
	objectVersion = 55;
	objects = {

/* Begin PBXBuildFile section */
		3ED0A00B292C67F0001F8755 /* WisdomProtocolLeft.swift in Sources */ = {isa = PBXBuildFile; fileRef = 3ED0A00A292C67F0001F8755 /* WisdomProtocolLeft.swift */; };
		3ED0A02B292C9ABD001F8755 /* WisdomProtocolLeftVC.swift in Sources */ = {isa = PBXBuildFile; fileRef = 3ED0A02A292C9ABD001F8755 /* WisdomProtocolLeftVC.swift */; };
		3EDA45E4292E41DE002E88F6 /* WisdomProtocolLeftModel.swift in Sources */ = {isa = PBXBuildFile; fileRef = 3EDA45E3292E41DE002E88F6 /* WisdomProtocolLeftModel.swift */; };
		EAF38CCA175F8F5004CCD70F /* libPods-WisdomProtocolLeft.a in Frameworks */ = {isa = PBXBuildFile; fileRef = 1288B9FCCD0E77E5B3E3300A /* libPods-WisdomProtocolLeft.a */; };
/* End PBXBuildFile section */

/* Begin PBXCopyFilesBuildPhase section */
		3ED0A005292C67F0001F8755 /* CopyFiles */ = {
			isa = PBXCopyFilesBuildPhase;
			buildActionMask = 2147483647;
			dstPath = "include/$(PRODUCT_NAME)";
			dstSubfolderSpec = 16;
			files = (
			);
			runOnlyForDeploymentPostprocessing = 0;
		};
/* End PBXCopyFilesBuildPhase section */

/* Begin PBXFileReference section */
		1288B9FCCD0E77E5B3E3300A /* libPods-WisdomProtocolLeft.a */ = {isa = PBXFileReference; explicitFileType = archive.ar; includeInIndex = 0; path = "libPods-WisdomProtocolLeft.a"; sourceTree = BUILT_PRODUCTS_DIR; };
		3ED0A007292C67F0001F8755 /* libWisdomProtocolLeft.a */ = {isa = PBXFileReference; explicitFileType = archive.ar; includeInIndex = 0; path = libWisdomProtocolLeft.a; sourceTree = BUILT_PRODUCTS_DIR; };
		3ED0A00A292C67F0001F8755 /* WisdomProtocolLeft.swift */ = {isa = PBXFileReference; lastKnownFileType = sourcecode.swift; path = WisdomProtocolLeft.swift; sourceTree = "<group>"; };
		3ED0A02A292C9ABD001F8755 /* WisdomProtocolLeftVC.swift */ = {isa = PBXFileReference; lastKnownFileType = sourcecode.swift; path = WisdomProtocolLeftVC.swift; sourceTree = "<group>"; };
		3EDA45E3292E41DE002E88F6 /* WisdomProtocolLeftModel.swift */ = {isa = PBXFileReference; lastKnownFileType = sourcecode.swift; path = WisdomProtocolLeftModel.swift; sourceTree = "<group>"; };
		CBA9DCFB89202ECFB154CBC3 /* Pods-WisdomProtocolLeft.debug.xcconfig */ = {isa = PBXFileReference; includeInIndex = 1; lastKnownFileType = text.xcconfig; name = "Pods-WisdomProtocolLeft.debug.xcconfig"; path = "../../WisdomProtocolDemo/Pods/Target Support Files/Pods-WisdomProtocolLeft/Pods-WisdomProtocolLeft.debug.xcconfig"; sourceTree = "<group>"; };
		F873DC8B1C2C38C056E831FC /* Pods-WisdomProtocolLeft.release.xcconfig */ = {isa = PBXFileReference; includeInIndex = 1; lastKnownFileType = text.xcconfig; name = "Pods-WisdomProtocolLeft.release.xcconfig"; path = "../../WisdomProtocolDemo/Pods/Target Support Files/Pods-WisdomProtocolLeft/Pods-WisdomProtocolLeft.release.xcconfig"; sourceTree = "<group>"; };
/* End PBXFileReference section */

/* Begin PBXFrameworksBuildPhase section */
		3ED0A004292C67F0001F8755 /* Frameworks */ = {
			isa = PBXFrameworksBuildPhase;
			buildActionMask = 2147483647;
			files = (
				EAF38CCA175F8F5004CCD70F /* libPods-WisdomProtocolLeft.a in Frameworks */,
			);
			runOnlyForDeploymentPostprocessing = 0;
		};
/* End PBXFrameworksBuildPhase section */

/* Begin PBXGroup section */
		1945DF487DAA26FB3C74ADD8 /* Pods */ = {
			isa = PBXGroup;
			children = (
				CBA9DCFB89202ECFB154CBC3 /* Pods-WisdomProtocolLeft.debug.xcconfig */,
				F873DC8B1C2C38C056E831FC /* Pods-WisdomProtocolLeft.release.xcconfig */,
			);
			name = Pods;
			path = ../WisdomProtocol/Pods;
			sourceTree = "<group>";
		};
		3ED09FFE292C67F0001F8755 = {
			isa = PBXGroup;
			children = (
				3ED0A009292C67F0001F8755 /* WisdomProtocolLeft */,
				3ED0A008292C67F0001F8755 /* Products */,
				1945DF487DAA26FB3C74ADD8 /* Pods */,
				BAEBBB7C6FA5BB277A5A558C /* Frameworks */,
			);
			sourceTree = "<group>";
		};
		3ED0A008292C67F0001F8755 /* Products */ = {
			isa = PBXGroup;
			children = (
				3ED0A007292C67F0001F8755 /* libWisdomProtocolLeft.a */,
			);
			name = Products;
			sourceTree = "<group>";
		};
		3ED0A009292C67F0001F8755 /* WisdomProtocolLeft */ = {
			isa = PBXGroup;
			children = (
				3ED0A00A292C67F0001F8755 /* WisdomProtocolLeft.swift */,
				3ED0A02A292C9ABD001F8755 /* WisdomProtocolLeftVC.swift */,
				3EDA45E3292E41DE002E88F6 /* WisdomProtocolLeftModel.swift */,
			);
			path = WisdomProtocolLeft;
			sourceTree = "<group>";
		};
		BAEBBB7C6FA5BB277A5A558C /* Frameworks */ = {
			isa = PBXGroup;
			children = (
				1288B9FCCD0E77E5B3E3300A /* libPods-WisdomProtocolLeft.a */,
			);
			name = Frameworks;
			sourceTree = "<group>";
		};
/* End PBXGroup section */

/* Begin PBXNativeTarget section */
		3ED0A006292C67F0001F8755 /* WisdomProtocolLeft */ = {
			isa = PBXNativeTarget;
			buildConfigurationList = 3ED0A00E292C67F0001F8755 /* Build configuration list for PBXNativeTarget "WisdomProtocolLeft" */;
			buildPhases = (
				17F4A042C2A5B613EEA590E9 /* [CP] Check Pods Manifest.lock */,
				3ED0A003292C67F0001F8755 /* Sources */,
				3ED0A004292C67F0001F8755 /* Frameworks */,
				3ED0A005292C67F0001F8755 /* CopyFiles */,
			);
			buildRules = (
			);
			dependencies = (
			);
			name = WisdomProtocolLeft;
			productName = WisdomProtocolLeft;
			productReference = 3ED0A007292C67F0001F8755 /* libWisdomProtocolLeft.a */;
			productType = "com.apple.product-type.library.static";
		};
/* End PBXNativeTarget section */

/* Begin PBXProject section */
		3ED09FFF292C67F0001F8755 /* Project object */ = {
			isa = PBXProject;
			attributes = {
				BuildIndependentTargetsInParallel = 1;
				LastSwiftUpdateCheck = 1340;
				LastUpgradeCheck = 1340;
				TargetAttributes = {
					3ED0A006292C67F0001F8755 = {
						CreatedOnToolsVersion = 13.4.1;
					};
				};
			};
			buildConfigurationList = 3ED0A002292C67F0001F8755 /* Build configuration list for PBXProject "WisdomProtocolLeft" */;
			compatibilityVersion = "Xcode 13.0";
			developmentRegion = en;
			hasScannedForEncodings = 0;
			knownRegions = (
				en,
				Base,
			);
			mainGroup = 3ED09FFE292C67F0001F8755;
			productRefGroup = 3ED0A008292C67F0001F8755 /* Products */;
			projectDirPath = "";
			projectRoot = "";
			targets = (
				3ED0A006292C67F0001F8755 /* WisdomProtocolLeft */,
			);
		};
/* End PBXProject section */

/* Begin PBXShellScriptBuildPhase section */
		17F4A042C2A5B613EEA590E9 /* [CP] Check Pods Manifest.lock */ = {
			isa = PBXShellScriptBuildPhase;
			buildActionMask = 2147483647;
			files = (
			);
			inputFileListPaths = (
			);
			inputPaths = (
				"${PODS_PODFILE_DIR_PATH}/Podfile.lock",
				"${PODS_ROOT}/Manifest.lock",
			);
			name = "[CP] Check Pods Manifest.lock";
			outputFileListPaths = (
			);
			outputPaths = (
				"$(DERIVED_FILE_DIR)/Pods-WisdomProtocolLeft-checkManifestLockResult.txt",
			);
			runOnlyForDeploymentPostprocessing = 0;
			shellPath = /bin/sh;
			shellScript = "diff \"${PODS_PODFILE_DIR_PATH}/Podfile.lock\" \"${PODS_ROOT}/Manifest.lock\" > /dev/null\nif [ $? != 0 ] ; then\n    # print error to STDERR\n    echo \"error: The sandbox is not in sync with the Podfile.lock. Run 'pod install' or update your CocoaPods installation.\" >&2\n    exit 1\nfi\n# This output is used by Xcode 'outputs' to avoid re-running this script phase.\necho \"SUCCESS\" > \"${SCRIPT_OUTPUT_FILE_0}\"\n";
			showEnvVarsInLog = 0;
		};
/* End PBXShellScriptBuildPhase section */

/* Begin PBXSourcesBuildPhase section */
		3ED0A003292C67F0001F8755 /* Sources */ = {
			isa = PBXSourcesBuildPhase;
			buildActionMask = 2147483647;
			files = (
				3ED0A02B292C9ABD001F8755 /* WisdomProtocolLeftVC.swift in Sources */,
				3ED0A00B292C67F0001F8755 /* WisdomProtocolLeft.swift in Sources */,
				3EDA45E4292E41DE002E88F6 /* WisdomProtocolLeftModel.swift in Sources */,
			);
			runOnlyForDeploymentPostprocessing = 0;
		};
/* End PBXSourcesBuildPhase section */

/* Begin XCBuildConfiguration section */
		3ED0A00C292C67F0001F8755 /* Debug */ = {
			isa = XCBuildConfiguration;
			buildSettings = {
				ALWAYS_SEARCH_USER_PATHS = NO;
				CLANG_ANALYZER_NONNULL = YES;
				CLANG_ANALYZER_NUMBER_OBJECT_CONVERSION = YES_AGGRESSIVE;
				CLANG_CXX_LANGUAGE_STANDARD = "gnu++17";
				CLANG_ENABLE_MODULES = YES;
				CLANG_ENABLE_OBJC_ARC = YES;
				CLANG_ENABLE_OBJC_WEAK = YES;
				CLANG_WARN_BLOCK_CAPTURE_AUTORELEASING = YES;
				CLANG_WARN_BOOL_CONVERSION = YES;
				CLANG_WARN_COMMA = YES;
				CLANG_WARN_CONSTANT_CONVERSION = YES;
				CLANG_WARN_DEPRECATED_OBJC_IMPLEMENTATIONS = YES;
				CLANG_WARN_DIRECT_OBJC_ISA_USAGE = YES_ERROR;
				CLANG_WARN_DOCUMENTATION_COMMENTS = YES;
				CLANG_WARN_EMPTY_BODY = YES;
				CLANG_WARN_ENUM_CONVERSION = YES;
				CLANG_WARN_INFINITE_RECURSION = YES;
				CLANG_WARN_INT_CONVERSION = YES;
				CLANG_WARN_NON_LITERAL_NULL_CONVERSION = YES;
				CLANG_WARN_OBJC_IMPLICIT_RETAIN_SELF = YES;
				CLANG_WARN_OBJC_LITERAL_CONVERSION = YES;
				CLANG_WARN_OBJC_ROOT_CLASS = YES_ERROR;
				CLANG_WARN_QUOTED_INCLUDE_IN_FRAMEWORK_HEADER = YES;
				CLANG_WARN_RANGE_LOOP_ANALYSIS = YES;
				CLANG_WARN_STRICT_PROTOTYPES = YES;
				CLANG_WARN_SUSPICIOUS_MOVE = YES;
				CLANG_WARN_UNGUARDED_AVAILABILITY = YES_AGGRESSIVE;
				CLANG_WARN_UNREACHABLE_CODE = YES;
				CLANG_WARN__DUPLICATE_METHOD_MATCH = YES;
				COPY_PHASE_STRIP = NO;
				DEBUG_INFORMATION_FORMAT = dwarf;
				ENABLE_STRICT_OBJC_MSGSEND = YES;
				ENABLE_TESTABILITY = YES;
				GCC_C_LANGUAGE_STANDARD = gnu11;
				GCC_DYNAMIC_NO_PIC = NO;
				GCC_NO_COMMON_BLOCKS = YES;
				GCC_OPTIMIZATION_LEVEL = 0;
				GCC_PREPROCESSOR_DEFINITIONS = (
					"DEBUG=1",
					"$(inherited)",
				);
				GCC_WARN_64_TO_32_BIT_CONVERSION = YES;
				GCC_WARN_ABOUT_RETURN_TYPE = YES_ERROR;
				GCC_WARN_UNDECLARED_SELECTOR = YES;
				GCC_WARN_UNINITIALIZED_AUTOS = YES_AGGRESSIVE;
				GCC_WARN_UNUSED_FUNCTION = YES;
				GCC_WARN_UNUSED_VARIABLE = YES;
				IPHONEOS_DEPLOYMENT_TARGET = 9.0;
				MTL_ENABLE_DEBUG_INFO = INCLUDE_SOURCE;
				MTL_FAST_MATH = YES;
				ONLY_ACTIVE_ARCH = YES;
				SDKROOT = iphoneos;
				SWIFT_ACTIVE_COMPILATION_CONDITIONS = DEBUG;
				SWIFT_OPTIMIZATION_LEVEL = "-Onone";
			};
			name = Debug;
		};
		3ED0A00D292C67F0001F8755 /* Release */ = {
			isa = XCBuildConfiguration;
			buildSettings = {
				ALWAYS_SEARCH_USER_PATHS = NO;
				CLANG_ANALYZER_NONNULL = YES;
				CLANG_ANALYZER_NUMBER_OBJECT_CONVERSION = YES_AGGRESSIVE;
				CLANG_CXX_LANGUAGE_STANDARD = "gnu++17";
				CLANG_ENABLE_MODULES = YES;
				CLANG_ENABLE_OBJC_ARC = YES;
				CLANG_ENABLE_OBJC_WEAK = YES;
				CLANG_WARN_BLOCK_CAPTURE_AUTORELEASING = YES;
				CLANG_WARN_BOOL_CONVERSION = YES;
				CLANG_WARN_COMMA = YES;
				CLANG_WARN_CONSTANT_CONVERSION = YES;
				CLANG_WARN_DEPRECATED_OBJC_IMPLEMENTATIONS = YES;
				CLANG_WARN_DIRECT_OBJC_ISA_USAGE = YES_ERROR;
				CLANG_WARN_DOCUMENTATION_COMMENTS = YES;
				CLANG_WARN_EMPTY_BODY = YES;
				CLANG_WARN_ENUM_CONVERSION = YES;
				CLANG_WARN_INFINITE_RECURSION = YES;
				CLANG_WARN_INT_CONVERSION = YES;
				CLANG_WARN_NON_LITERAL_NULL_CONVERSION = YES;
				CLANG_WARN_OBJC_IMPLICIT_RETAIN_SELF = YES;
				CLANG_WARN_OBJC_LITERAL_CONVERSION = YES;
				CLANG_WARN_OBJC_ROOT_CLASS = YES_ERROR;
				CLANG_WARN_QUOTED_INCLUDE_IN_FRAMEWORK_HEADER = YES;
				CLANG_WARN_RANGE_LOOP_ANALYSIS = YES;
				CLANG_WARN_STRICT_PROTOTYPES = YES;
				CLANG_WARN_SUSPICIOUS_MOVE = YES;
				CLANG_WARN_UNGUARDED_AVAILABILITY = YES_AGGRESSIVE;
				CLANG_WARN_UNREACHABLE_CODE = YES;
				CLANG_WARN__DUPLICATE_METHOD_MATCH = YES;
				COPY_PHASE_STRIP = NO;
				DEBUG_INFORMATION_FORMAT = "dwarf-with-dsym";
				ENABLE_NS_ASSERTIONS = NO;
				ENABLE_STRICT_OBJC_MSGSEND = YES;
				GCC_C_LANGUAGE_STANDARD = gnu11;
				GCC_NO_COMMON_BLOCKS = YES;
				GCC_WARN_64_TO_32_BIT_CONVERSION = YES;
				GCC_WARN_ABOUT_RETURN_TYPE = YES_ERROR;
				GCC_WARN_UNDECLARED_SELECTOR = YES;
				GCC_WARN_UNINITIALIZED_AUTOS = YES_AGGRESSIVE;
				GCC_WARN_UNUSED_FUNCTION = YES;
				GCC_WARN_UNUSED_VARIABLE = YES;
				IPHONEOS_DEPLOYMENT_TARGET = 9.0;
				MTL_ENABLE_DEBUG_INFO = NO;
				MTL_FAST_MATH = YES;
				SDKROOT = iphoneos;
				SWIFT_COMPILATION_MODE = wholemodule;
				SWIFT_OPTIMIZATION_LEVEL = "-O";
				VALIDATE_PRODUCT = YES;
			};
			name = Release;
		};
		3ED0A00F292C67F0001F8755 /* Debug */ = {
			isa = XCBuildConfiguration;
			baseConfigurationReference = CBA9DCFB89202ECFB154CBC3 /* Pods-WisdomProtocolLeft.debug.xcconfig */;
			buildSettings = {
				CODE_SIGN_STYLE = Automatic;
				IPHONEOS_DEPLOYMENT_TARGET = 12.0;
				OTHER_LDFLAGS = "-ObjC";
				PRODUCT_NAME = "$(TARGET_NAME)";
				SKIP_INSTALL = YES;
				SWIFT_VERSION = 5.0;
				TARGETED_DEVICE_FAMILY = "1,2";
			};
			name = Debug;
		};
		3ED0A010292C67F0001F8755 /* Release */ = {
			isa = XCBuildConfiguration;
			baseConfigurationReference = F873DC8B1C2C38C056E831FC /* Pods-WisdomProtocolLeft.release.xcconfig */;
			buildSettings = {
				CODE_SIGN_STYLE = Automatic;
				IPHONEOS_DEPLOYMENT_TARGET = 12.0;
				OTHER_LDFLAGS = "-ObjC";
				PRODUCT_NAME = "$(TARGET_NAME)";
				SKIP_INSTALL = YES;
				SWIFT_VERSION = 5.0;
				TARGETED_DEVICE_FAMILY = "1,2";
			};
			name = Release;
		};
/* End XCBuildConfiguration section */

/* Begin XCConfigurationList section */
		3ED0A002292C67F0001F8755 /* Build configuration list for PBXProject "WisdomProtocolLeft" */ = {
			isa = XCConfigurationList;
			buildConfigurations = (
				3ED0A00C292C67F0001F8755 /* Debug */,
				3ED0A00D292C67F0001F8755 /* Release */,
			);
			defaultConfigurationIsVisible = 0;
			defaultConfigurationName = Release;
		};
		3ED0A00E292C67F0001F8755 /* Build configuration list for PBXNativeTarget "WisdomProtocolLeft" */ = {
			isa = XCConfigurationList;
			buildConfigurations = (
				3ED0A00F292C67F0001F8755 /* Debug */,
				3ED0A010292C67F0001F8755 /* Release */,
			);
			defaultConfigurationIsVisible = 0;
			defaultConfigurationName = Release;
		};
/* End XCConfigurationList section */
	};
	rootObject = 3ED09FFF292C67F0001F8755 /* Project object */;
}
