// !$*UTF8*$!
{
	archiveVersion = 1;
	classes = {
	};
	objectVersion = 55;
	objects = {

/* Begin PBXBuildFile section */
		3ED0A01E292C685B001F8755 /* WisdomProtocolRight.swift in Sources */ = {isa = PBXBuildFile; fileRef = 3ED0A01D292C685B001F8755 /* WisdomProtocolRight.swift */; };
		8107D100296AF48700792B1C /* WisdomProtocolRightVC.swift in Sources */ = {isa = PBXBuildFile; fileRef = 8107D0FF296AF48700792B1C /* WisdomProtocolRightVC.swift */; };
		C764D6A6E9A16DA445335210 /* libPods-WisdomProtocolRight.a in Frameworks */ = {isa = PBXBuildFile; fileRef = 205A03C4AA3E05BB35C9F03C /* libPods-WisdomProtocolRight.a */; };
/* End PBXBuildFile section */

/* Begin PBXCopyFilesBuildPhase section */
		3ED0A018292C685B001F8755 /* CopyFiles */ = {
			isa = PBXCopyFilesBuildPhase;
			buildActionMask = 2147483647;
			dstPath = "include/$(PRODUCT_NAME)";
			dstSubfolderSpec = 16;
			files = (
			);
			runOnlyForDeploymentPostprocessing = 0;
		};
/* End PBXCopyFilesBuildPhase section */

/* Begin PBXFileReference section */
		205A03C4AA3E05BB35C9F03C /* libPods-WisdomProtocolRight.a */ = {isa = PBXFileReference; explicitFileType = archive.ar; includeInIndex = 0; path = "libPods-WisdomProtocolRight.a"; sourceTree = BUILT_PRODUCTS_DIR; };
		3ED0A01A292C685B001F8755 /* libWisdomProtocolRight.a */ = {isa = PBXFileReference; explicitFileType = archive.ar; includeInIndex = 0; path = libWisdomProtocolRight.a; sourceTree = BUILT_PRODUCTS_DIR; };
		3ED0A01D292C685B001F8755 /* WisdomProtocolRight.swift */ = {isa = PBXFileReference; lastKnownFileType = sourcecode.swift; path = WisdomProtocolRight.swift; sourceTree = "<group>"; };
		8107D0FF296AF48700792B1C /* WisdomProtocolRightVC.swift */ = {isa = PBXFileReference; lastKnownFileType = sourcecode.swift; path = WisdomProtocolRightVC.swift; sourceTree = "<group>"; };
		9238FAC9364E2D296C889FB4 /* Pods-WisdomProtocolRight.debug.xcconfig */ = {isa = PBXFileReference; includeInIndex = 1; lastKnownFileType = text.xcconfig; name = "Pods-WisdomProtocolRight.debug.xcconfig"; path = "../../WisdomProtocolDemo/Pods/Target Support Files/Pods-WisdomProtocolRight/Pods-WisdomProtocolRight.debug.xcconfig"; sourceTree = "<group>"; };
		DC6272FD09B8403060AEF0DE /* Pods-WisdomProtocolRight.release.xcconfig */ = {isa = PBXFileReference; includeInIndex = 1; lastKnownFileType = text.xcconfig; name = "Pods-WisdomProtocolRight.release.xcconfig"; path = "../../WisdomProtocolDemo/Pods/Target Support Files/Pods-WisdomProtocolRight/Pods-WisdomProtocolRight.release.xcconfig"; sourceTree = "<group>"; };
/* End PBXFileReference section */

/* Begin PBXFrameworksBuildPhase section */
		3ED0A017292C685B001F8755 /* Frameworks */ = {
			isa = PBXFrameworksBuildPhase;
			buildActionMask = 2147483647;
			files = (
				C764D6A6E9A16DA445335210 /* libPods-WisdomProtocolRight.a in Frameworks */,
			);
			runOnlyForDeploymentPostprocessing = 0;
		};
/* End PBXFrameworksBuildPhase section */

/* Begin PBXGroup section */
		3ED0A011292C685B001F8755 = {
			isa = PBXGroup;
			children = (
				3ED0A01C292C685B001F8755 /* WisdomProtocolRight */,
				3ED0A01B292C685B001F8755 /* Products */,
				E5DD11F55117C6E1AAB1606A /* Pods */,
				6BC94B2DF5421EB64A3F9351 /* Frameworks */,
			);
			sourceTree = "<group>";
		};
		3ED0A01B292C685B001F8755 /* Products */ = {
			isa = PBXGroup;
			children = (
				3ED0A01A292C685B001F8755 /* libWisdomProtocolRight.a */,
			);
			name = Products;
			sourceTree = "<group>";
		};
		3ED0A01C292C685B001F8755 /* WisdomProtocolRight */ = {
			isa = PBXGroup;
			children = (
				3ED0A01D292C685B001F8755 /* WisdomProtocolRight.swift */,
				8107D0FF296AF48700792B1C /* WisdomProtocolRightVC.swift */,
			);
			path = WisdomProtocolRight;
			sourceTree = "<group>";
		};
		6BC94B2DF5421EB64A3F9351 /* Frameworks */ = {
			isa = PBXGroup;
			children = (
				205A03C4AA3E05BB35C9F03C /* libPods-WisdomProtocolRight.a */,
			);
			name = Frameworks;
			sourceTree = "<group>";
		};
		E5DD11F55117C6E1AAB1606A /* Pods */ = {
			isa = PBXGroup;
			children = (
				9238FAC9364E2D296C889FB4 /* Pods-WisdomProtocolRight.debug.xcconfig */,
				DC6272FD09B8403060AEF0DE /* Pods-WisdomProtocolRight.release.xcconfig */,
			);
			name = Pods;
			path = ../WisdomProtocol/Pods;
			sourceTree = "<group>";
		};
/* End PBXGroup section */

/* Begin PBXNativeTarget section */
		3ED0A019292C685B001F8755 /* WisdomProtocolRight */ = {
			isa = PBXNativeTarget;
			buildConfigurationList = 3ED0A021292C685B001F8755 /* Build configuration list for PBXNativeTarget "WisdomProtocolRight" */;
			buildPhases = (
				337B71AE77B85F0B49AC24C6 /* [CP] Check Pods Manifest.lock */,
				3ED0A016292C685B001F8755 /* Sources */,
				3ED0A017292C685B001F8755 /* Frameworks */,
				3ED0A018292C685B001F8755 /* CopyFiles */,
			);
			buildRules = (
			);
			dependencies = (
			);
			name = WisdomProtocolRight;
			productName = WisdomProtocolRight;
			productReference = 3ED0A01A292C685B001F8755 /* libWisdomProtocolRight.a */;
			productType = "com.apple.product-type.library.static";
		};
/* End PBXNativeTarget section */

/* Begin PBXProject section */
		3ED0A012292C685B001F8755 /* Project object */ = {
			isa = PBXProject;
			attributes = {
				BuildIndependentTargetsInParallel = 1;
				LastSwiftUpdateCheck = 1340;
				LastUpgradeCheck = 1340;
				TargetAttributes = {
					3ED0A019292C685B001F8755 = {
						CreatedOnToolsVersion = 13.4.1;
					};
				};
			};
			buildConfigurationList = 3ED0A015292C685B001F8755 /* Build configuration list for PBXProject "WisdomProtocolRight" */;
			compatibilityVersion = "Xcode 13.0";
			developmentRegion = en;
			hasScannedForEncodings = 0;
			knownRegions = (
				en,
				Base,
			);
			mainGroup = 3ED0A011292C685B001F8755;
			productRefGroup = 3ED0A01B292C685B001F8755 /* Products */;
			projectDirPath = "";
			projectRoot = "";
			targets = (
				3ED0A019292C685B001F8755 /* WisdomProtocolRight */,
			);
		};
/* End PBXProject section */

/* Begin PBXShellScriptBuildPhase section */
		337B71AE77B85F0B49AC24C6 /* [CP] Check Pods Manifest.lock */ = {
			isa = PBXShellScriptBuildPhase;
			buildActionMask = 2147483647;
			files = (
			);
			inputFileListPaths = (
			);
			inputPaths = (
				"${PODS_PODFILE_DIR_PATH}/Podfile.lock",
				"${PODS_ROOT}/Manifest.lock",
			);
			name = "[CP] Check Pods Manifest.lock";
			outputFileListPaths = (
			);
			outputPaths = (
				"$(DERIVED_FILE_DIR)/Pods-WisdomProtocolRight-checkManifestLockResult.txt",
			);
			runOnlyForDeploymentPostprocessing = 0;
			shellPath = /bin/sh;
			shellScript = "diff \"${PODS_PODFILE_DIR_PATH}/Podfile.lock\" \"${PODS_ROOT}/Manifest.lock\" > /dev/null\nif [ $? != 0 ] ; then\n    # print error to STDERR\n    echo \"error: The sandbox is not in sync with the Podfile.lock. Run 'pod install' or update your CocoaPods installation.\" >&2\n    exit 1\nfi\n# This output is used by Xcode 'outputs' to avoid re-running this script phase.\necho \"SUCCESS\" > \"${SCRIPT_OUTPUT_FILE_0}\"\n";
			showEnvVarsInLog = 0;
		};
/* End PBXShellScriptBuildPhase section */

/* Begin PBXSourcesBuildPhase section */
		3ED0A016292C685B001F8755 /* Sources */ = {
			isa = PBXSourcesBuildPhase;
			buildActionMask = 2147483647;
			files = (
				8107D100296AF48700792B1C /* WisdomProtocolRightVC.swift in Sources */,
				3ED0A01E292C685B001F8755 /* WisdomProtocolRight.swift in Sources */,
			);
			runOnlyForDeploymentPostprocessing = 0;
		};
/* End PBXSourcesBuildPhase section */

/* Begin XCBuildConfiguration section */
		3ED0A01F292C685B001F8755 /* Debug */ = {
			isa = XCBuildConfiguration;
			buildSettings = {
				ALWAYS_SEARCH_USER_PATHS = NO;
				CLANG_ANALYZER_NONNULL = YES;
				CLANG_ANALYZER_NUMBER_OBJECT_CONVERSION = YES_AGGRESSIVE;
				CLANG_CXX_LANGUAGE_STANDARD = "gnu++17";
				CLANG_ENABLE_MODULES = YES;
				CLANG_ENABLE_OBJC_ARC = YES;
				CLANG_ENABLE_OBJC_WEAK = YES;
				CLANG_WARN_BLOCK_CAPTURE_AUTORELEASING = YES;
				CLANG_WARN_BOOL_CONVERSION = YES;
				CLANG_WARN_COMMA = YES;
				CLANG_WARN_CONSTANT_CONVERSION = YES;
				CLANG_WARN_DEPRECATED_OBJC_IMPLEMENTATIONS = YES;
				CLANG_WARN_DIRECT_OBJC_ISA_USAGE = YES_ERROR;
				CLANG_WARN_DOCUMENTATION_COMMENTS = YES;
				CLANG_WARN_EMPTY_BODY = YES;
				CLANG_WARN_ENUM_CONVERSION = YES;
				CLANG_WARN_INFINITE_RECURSION = YES;
				CLANG_WARN_INT_CONVERSION = YES;
				CLANG_WARN_NON_LITERAL_NULL_CONVERSION = YES;
				CLANG_WARN_OBJC_IMPLICIT_RETAIN_SELF = YES;
				CLANG_WARN_OBJC_LITERAL_CONVERSION = YES;
				CLANG_WARN_OBJC_ROOT_CLASS = YES_ERROR;
				CLANG_WARN_QUOTED_INCLUDE_IN_FRAMEWORK_HEADER = YES;
				CLANG_WARN_RANGE_LOOP_ANALYSIS = YES;
				CLANG_WARN_STRICT_PROTOTYPES = YES;
				CLANG_WARN_SUSPICIOUS_MOVE = YES;
				CLANG_WARN_UNGUARDED_AVAILABILITY = YES_AGGRESSIVE;
				CLANG_WARN_UNREACHABLE_CODE = YES;
				CLANG_WARN__DUPLICATE_METHOD_MATCH = YES;
				COPY_PHASE_STRIP = NO;
				DEBUG_INFORMATION_FORMAT = dwarf;
				ENABLE_STRICT_OBJC_MSGSEND = YES;
				ENABLE_TESTABILITY = YES;
				GCC_C_LANGUAGE_STANDARD = gnu11;
				GCC_DYNAMIC_NO_PIC = NO;
				GCC_NO_COMMON_BLOCKS = YES;
				GCC_OPTIMIZATION_LEVEL = 0;
				GCC_PREPROCESSOR_DEFINITIONS = (
					"DEBUG=1",
					"$(inherited)",
				);
				GCC_WARN_64_TO_32_BIT_CONVERSION = YES;
				GCC_WARN_ABOUT_RETURN_TYPE = YES_ERROR;
				GCC_WARN_UNDECLARED_SELECTOR = YES;
				GCC_WARN_UNINITIALIZED_AUTOS = YES_AGGRESSIVE;
				GCC_WARN_UNUSED_FUNCTION = YES;
				GCC_WARN_UNUSED_VARIABLE = YES;
				IPHONEOS_DEPLOYMENT_TARGET = 9.0;
				MTL_ENABLE_DEBUG_INFO = INCLUDE_SOURCE;
				MTL_FAST_MATH = YES;
				ONLY_ACTIVE_ARCH = YES;
				SDKROOT = iphoneos;
				SWIFT_ACTIVE_COMPILATION_CONDITIONS = DEBUG;
				SWIFT_OPTIMIZATION_LEVEL = "-Onone";
			};
			name = Debug;
		};
		3ED0A020292C685B001F8755 /* Release */ = {
			isa = XCBuildConfiguration;
			buildSettings = {
				ALWAYS_SEARCH_USER_PATHS = NO;
				CLANG_ANALYZER_NONNULL = YES;
				CLANG_ANALYZER_NUMBER_OBJECT_CONVERSION = YES_AGGRESSIVE;
				CLANG_CXX_LANGUAGE_STANDARD = "gnu++17";
				CLANG_ENABLE_MODULES = YES;
				CLANG_ENABLE_OBJC_ARC = YES;
				CLANG_ENABLE_OBJC_WEAK = YES;
				CLANG_WARN_BLOCK_CAPTURE_AUTORELEASING = YES;
				CLANG_WARN_BOOL_CONVERSION = YES;
				CLANG_WARN_COMMA = YES;
				CLANG_WARN_CONSTANT_CONVERSION = YES;
				CLANG_WARN_DEPRECATED_OBJC_IMPLEMENTATIONS = YES;
				CLANG_WARN_DIRECT_OBJC_ISA_USAGE = YES_ERROR;
				CLANG_WARN_DOCUMENTATION_COMMENTS = YES;
				CLANG_WARN_EMPTY_BODY = YES;
				CLANG_WARN_ENUM_CONVERSION = YES;
				CLANG_WARN_INFINITE_RECURSION = YES;
				CLANG_WARN_INT_CONVERSION = YES;
				CLANG_WARN_NON_LITERAL_NULL_CONVERSION = YES;
				CLANG_WARN_OBJC_IMPLICIT_RETAIN_SELF = YES;
				CLANG_WARN_OBJC_LITERAL_CONVERSION = YES;
				CLANG_WARN_OBJC_ROOT_CLASS = YES_ERROR;
				CLANG_WARN_QUOTED_INCLUDE_IN_FRAMEWORK_HEADER = YES;
				CLANG_WARN_RANGE_LOOP_ANALYSIS = YES;
				CLANG_WARN_STRICT_PROTOTYPES = YES;
				CLANG_WARN_SUSPICIOUS_MOVE = YES;
				CLANG_WARN_UNGUARDED_AVAILABILITY = YES_AGGRESSIVE;
				CLANG_WARN_UNREACHABLE_CODE = YES;
				CLANG_WARN__DUPLICATE_METHOD_MATCH = YES;
				COPY_PHASE_STRIP = NO;
				DEBUG_INFORMATION_FORMAT = "dwarf-with-dsym";
				ENABLE_NS_ASSERTIONS = NO;
				ENABLE_STRICT_OBJC_MSGSEND = YES;
				GCC_C_LANGUAGE_STANDARD = gnu11;
				GCC_NO_COMMON_BLOCKS = YES;
				GCC_WARN_64_TO_32_BIT_CONVERSION = YES;
				GCC_WARN_ABOUT_RETURN_TYPE = YES_ERROR;
				GCC_WARN_UNDECLARED_SELECTOR = YES;
				GCC_WARN_UNINITIALIZED_AUTOS = YES_AGGRESSIVE;
				GCC_WARN_UNUSED_FUNCTION = YES;
				GCC_WARN_UNUSED_VARIABLE = YES;
				IPHONEOS_DEPLOYMENT_TARGET = 9.0;
				MTL_ENABLE_DEBUG_INFO = NO;
				MTL_FAST_MATH = YES;
				SDKROOT = iphoneos;
				SWIFT_COMPILATION_MODE = wholemodule;
				SWIFT_OPTIMIZATION_LEVEL = "-O";
				VALIDATE_PRODUCT = YES;
			};
			name = Release;
		};
		3ED0A022292C685B001F8755 /* Debug */ = {
			isa = XCBuildConfiguration;
			baseConfigurationReference = 9238FAC9364E2D296C889FB4 /* Pods-WisdomProtocolRight.debug.xcconfig */;
			buildSettings = {
				CODE_SIGN_STYLE = Automatic;
				OTHER_LDFLAGS = "-ObjC";
				PRODUCT_NAME = "$(TARGET_NAME)";
				SKIP_INSTALL = YES;
				SWIFT_VERSION = 5.0;
				TARGETED_DEVICE_FAMILY = "1,2";
			};
			name = Debug;
		};
		3ED0A023292C685B001F8755 /* Release */ = {
			isa = XCBuildConfiguration;
			baseConfigurationReference = DC6272FD09B8403060AEF0DE /* Pods-WisdomProtocolRight.release.xcconfig */;
			buildSettings = {
				CODE_SIGN_STYLE = Automatic;
				OTHER_LDFLAGS = "-ObjC";
				PRODUCT_NAME = "$(TARGET_NAME)";
				SKIP_INSTALL = YES;
				SWIFT_VERSION = 5.0;
				TARGETED_DEVICE_FAMILY = "1,2";
			};
			name = Release;
		};
/* End XCBuildConfiguration section */

/* Begin XCConfigurationList section */
		3ED0A015292C685B001F8755 /* Build configuration list for PBXProject "WisdomProtocolRight" */ = {
			isa = XCConfigurationList;
			buildConfigurations = (
				3ED0A01F292C685B001F8755 /* Debug */,
				3ED0A020292C685B001F8755 /* Release */,
			);
			defaultConfigurationIsVisible = 0;
			defaultConfigurationName = Release;
		};
		3ED0A021292C685B001F8755 /* Build configuration list for PBXNativeTarget "WisdomProtocolRight" */ = {
			isa = XCConfigurationList;
			buildConfigurations = (
				3ED0A022292C685B001F8755 /* Debug */,
				3ED0A023292C685B001F8755 /* Release */,
			);
			defaultConfigurationIsVisible = 0;
			defaultConfigurationName = Release;
		};
/* End XCConfigurationList section */
	};
	rootObject = 3ED0A012292C685B001F8755 /* Project object */;
}
