// !$*UTF8*$!
{
	archiveVersion = 1;
	classes = {
	};
	objectVersion = 55;
	objects = {

/* Begin PBXBuildFile section */
		3EBC53F32921D58500FE248C /* WisdomProtocolable.swift in Sources */ = {isa = PBXBuildFile; fileRef = 3EBC53F22921D58500FE248C /* WisdomProtocolable.swift */; };
		3EBC53FC29225B8D00FE248C /* WisdomProtocolCore.swift in Sources */ = {isa = PBXBuildFile; fileRef = 3EBC53FB29225B8D00FE248C /* WisdomProtocolCore.swift */; };
		3EC6C265292B6688007CE81B /* WisdomProtocol.swift in Sources */ = {isa = PBXBuildFile; fileRef = 3EC6C264292B6688007CE81B /* WisdomProtocol.swift */; };
		3EC6C28E292B7250007CE81B /* ConstraintMultiplierTarget.swift in Sources */ = {isa = PBXBuildFile; fileRef = 3EC6C269292B7250007CE81B /* ConstraintMultiplierTarget.swift */; };
		3EC6C28F292B7250007CE81B /* LayoutConstraintItem.swift in Sources */ = {isa = PBXBuildFile; fileRef = 3EC6C26A292B7250007CE81B /* LayoutConstraintItem.swift */; };
		3EC6C290292B7250007CE81B /* ConstraintMakerPrioritizable.swift in Sources */ = {isa = PBXBuildFile; fileRef = 3EC6C26B292B7250007CE81B /* ConstraintMakerPrioritizable.swift */; };
		3EC6C291292B7250007CE81B /* ConstraintDescription.swift in Sources */ = {isa = PBXBuildFile; fileRef = 3EC6C26C292B7250007CE81B /* ConstraintDescription.swift */; };
		3EC6C292292B7250007CE81B /* ConstraintAttributes.swift in Sources */ = {isa = PBXBuildFile; fileRef = 3EC6C26D292B7250007CE81B /* ConstraintAttributes.swift */; };
		3EC6C293292B7250007CE81B /* ConstraintViewDSL.swift in Sources */ = {isa = PBXBuildFile; fileRef = 3EC6C26E292B7250007CE81B /* ConstraintViewDSL.swift */; };
		3EC6C294292B7250007CE81B /* ConstraintPriorityTarget.swift in Sources */ = {isa = PBXBuildFile; fileRef = 3EC6C26F292B7250007CE81B /* ConstraintPriorityTarget.swift */; };
		3EC6C295292B7250007CE81B /* ConstraintInsets.swift in Sources */ = {isa = PBXBuildFile; fileRef = 3EC6C270292B7250007CE81B /* ConstraintInsets.swift */; };
		3EC6C296292B7250007CE81B /* ConstraintMakerFinalizable.swift in Sources */ = {isa = PBXBuildFile; fileRef = 3EC6C271292B7250007CE81B /* ConstraintMakerFinalizable.swift */; };
		3EC6C297292B7250007CE81B /* ConstraintDSL.swift in Sources */ = {isa = PBXBuildFile; fileRef = 3EC6C272292B7250007CE81B /* ConstraintDSL.swift */; };
		3EC6C298292B7250007CE81B /* ConstraintMakerExtendable.swift in Sources */ = {isa = PBXBuildFile; fileRef = 3EC6C273292B7250007CE81B /* ConstraintMakerExtendable.swift */; };
		3EC6C299292B7250007CE81B /* ConstraintPriority.swift in Sources */ = {isa = PBXBuildFile; fileRef = 3EC6C274292B7250007CE81B /* ConstraintPriority.swift */; };
		3EC6C29A292B7250007CE81B /* ConstraintInsetTarget.swift in Sources */ = {isa = PBXBuildFile; fileRef = 3EC6C275292B7250007CE81B /* ConstraintInsetTarget.swift */; };
		3EC6C29B292B7250007CE81B /* ConstraintDirectionalInsetTarget.swift in Sources */ = {isa = PBXBuildFile; fileRef = 3EC6C276292B7250007CE81B /* ConstraintDirectionalInsetTarget.swift */; };
		3EC6C29C292B7250007CE81B /* ConstraintMakerRelatable+Extensions.swift in Sources */ = {isa = PBXBuildFile; fileRef = 3EC6C277292B7250007CE81B /* ConstraintMakerRelatable+Extensions.swift */; };
		3EC6C29D292B7250007CE81B /* ConstraintConfig.swift in Sources */ = {isa = PBXBuildFile; fileRef = 3EC6C278292B7250007CE81B /* ConstraintConfig.swift */; };
		3EC6C29E292B7250007CE81B /* UILayoutSupport+Extensions.swift in Sources */ = {isa = PBXBuildFile; fileRef = 3EC6C279292B7250007CE81B /* UILayoutSupport+Extensions.swift */; };
		3EC6C29F292B7250007CE81B /* ConstraintView.swift in Sources */ = {isa = PBXBuildFile; fileRef = 3EC6C27A292B7250007CE81B /* ConstraintView.swift */; };
		3EC6C2A0292B7250007CE81B /* ConstraintLayoutGuide.swift in Sources */ = {isa = PBXBuildFile; fileRef = 3EC6C27B292B7250007CE81B /* ConstraintLayoutGuide.swift */; };
		3EC6C2A1292B7250007CE81B /* ConstraintLayoutSupport.swift in Sources */ = {isa = PBXBuildFile; fileRef = 3EC6C27C292B7250007CE81B /* ConstraintLayoutSupport.swift */; };
		3EC6C2A2292B7250007CE81B /* Typealiases.swift in Sources */ = {isa = PBXBuildFile; fileRef = 3EC6C27D292B7250007CE81B /* Typealiases.swift */; };
		3EC6C2A3292B7250007CE81B /* ConstraintConstantTarget.swift in Sources */ = {isa = PBXBuildFile; fileRef = 3EC6C27E292B7250007CE81B /* ConstraintConstantTarget.swift */; };
		3EC6C2A4292B7250007CE81B /* ConstraintOffsetTarget.swift in Sources */ = {isa = PBXBuildFile; fileRef = 3EC6C27F292B7250007CE81B /* ConstraintOffsetTarget.swift */; };
		3EC6C2A5292B7250007CE81B /* ConstraintMakerEditable.swift in Sources */ = {isa = PBXBuildFile; fileRef = 3EC6C280292B7250007CE81B /* ConstraintMakerEditable.swift */; };
		3EC6C2A6292B7250007CE81B /* ConstraintMaker.swift in Sources */ = {isa = PBXBuildFile; fileRef = 3EC6C281292B7250007CE81B /* ConstraintMaker.swift */; };
		3EC6C2A7292B7250007CE81B /* ConstraintRelation.swift in Sources */ = {isa = PBXBuildFile; fileRef = 3EC6C282292B7250007CE81B /* ConstraintRelation.swift */; };
		3EC6C2A8292B7250007CE81B /* ConstraintLayoutGuideDSL.swift in Sources */ = {isa = PBXBuildFile; fileRef = 3EC6C283292B7250007CE81B /* ConstraintLayoutGuideDSL.swift */; };
		3EC6C2A9292B7250007CE81B /* ConstraintView+Extensions.swift in Sources */ = {isa = PBXBuildFile; fileRef = 3EC6C284292B7250007CE81B /* ConstraintView+Extensions.swift */; };
		3EC6C2AA292B7250007CE81B /* ConstraintItem.swift in Sources */ = {isa = PBXBuildFile; fileRef = 3EC6C285292B7250007CE81B /* ConstraintItem.swift */; };
		3EC6C2AB292B7250007CE81B /* Constraint.swift in Sources */ = {isa = PBXBuildFile; fileRef = 3EC6C286292B7250007CE81B /* Constraint.swift */; };
		3EC6C2AC292B7250007CE81B /* Debugging.swift in Sources */ = {isa = PBXBuildFile; fileRef = 3EC6C287292B7250007CE81B /* Debugging.swift */; };
		3EC6C2AD292B7250007CE81B /* ConstraintRelatableTarget.swift in Sources */ = {isa = PBXBuildFile; fileRef = 3EC6C288292B7250007CE81B /* ConstraintRelatableTarget.swift */; };
		3EC6C2AE292B7250007CE81B /* LayoutConstraint.swift in Sources */ = {isa = PBXBuildFile; fileRef = 3EC6C289292B7250007CE81B /* LayoutConstraint.swift */; };
		3EC6C2AF292B7250007CE81B /* ConstraintLayoutGuide+Extensions.swift in Sources */ = {isa = PBXBuildFile; fileRef = 3EC6C28A292B7250007CE81B /* ConstraintLayoutGuide+Extensions.swift */; };
		3EC6C2B0292B7250007CE81B /* ConstraintDirectionalInsets.swift in Sources */ = {isa = PBXBuildFile; fileRef = 3EC6C28B292B7250007CE81B /* ConstraintDirectionalInsets.swift */; };
		3EC6C2B1292B7250007CE81B /* ConstraintLayoutSupportDSL.swift in Sources */ = {isa = PBXBuildFile; fileRef = 3EC6C28C292B7250007CE81B /* ConstraintLayoutSupportDSL.swift */; };
		3EC6C2B2292B7250007CE81B /* ConstraintMakerRelatable.swift in Sources */ = {isa = PBXBuildFile; fileRef = 3EC6C28D292B7250007CE81B /* ConstraintMakerRelatable.swift */; };
		3EC6C2B4292B72F8007CE81B /* WisdomProtocolRouterVC.swift in Sources */ = {isa = PBXBuildFile; fileRef = 3EC6C2B3292B72F8007CE81B /* WisdomProtocolRouterVC.swift */; };
		3EC6C2B7292B8DBC007CE81B /* WisdomRouterParam.swift in Sources */ = {isa = PBXBuildFile; fileRef = 3EC6C2B6292B8DBC007CE81B /* WisdomRouterParam.swift */; };
		3EC6C2B9292BB0B0007CE81B /* WisdomProtocolRootVC.swift in Sources */ = {isa = PBXBuildFile; fileRef = 3EC6C2B8292BB0B0007CE81B /* WisdomProtocolRootVC.swift */; };
		3EC84A23291E3D820007468E /* AppDelegate.swift in Sources */ = {isa = PBXBuildFile; fileRef = 3EC84A22291E3D820007468E /* AppDelegate.swift */; };
		3EC84A27291E3D820007468E /* WisdomProtocolCell.swift in Sources */ = {isa = PBXBuildFile; fileRef = 3EC84A26291E3D820007468E /* WisdomProtocolCell.swift */; };
		3EC84A2A291E3D820007468E /* Main.storyboard in Resources */ = {isa = PBXBuildFile; fileRef = 3EC84A28291E3D820007468E /* Main.storyboard */; };
		3EC84A2C291E3D840007468E /* Assets.xcassets in Resources */ = {isa = PBXBuildFile; fileRef = 3EC84A2B291E3D840007468E /* Assets.xcassets */; };
		3EC84A2F291E3D840007468E /* LaunchScreen.storyboard in Resources */ = {isa = PBXBuildFile; fileRef = 3EC84A2D291E3D840007468E /* LaunchScreen.storyboard */; };
		3EC84A38291E42470007468E /* WisdomRouterable.swift in Sources */ = {isa = PBXBuildFile; fileRef = 3EC84A37291E42470007468E /* WisdomRouterable.swift */; };
/* End PBXBuildFile section */

/* Begin PBXFileReference section */
		3EBC53F22921D58500FE248C /* WisdomProtocolable.swift */ = {isa = PBXFileReference; lastKnownFileType = sourcecode.swift; path = WisdomProtocolable.swift; sourceTree = "<group>"; };
		3EBC53FB29225B8D00FE248C /* WisdomProtocolCore.swift */ = {isa = PBXFileReference; lastKnownFileType = sourcecode.swift; path = WisdomProtocolCore.swift; sourceTree = "<group>"; };
		3EC6C264292B6688007CE81B /* WisdomProtocol.swift */ = {isa = PBXFileReference; lastKnownFileType = sourcecode.swift; path = WisdomProtocol.swift; sourceTree = "<group>"; };
		3EC6C269292B7250007CE81B /* ConstraintMultiplierTarget.swift */ = {isa = PBXFileReference; fileEncoding = 4; lastKnownFileType = sourcecode.swift; path = ConstraintMultiplierTarget.swift; sourceTree = "<group>"; };
		3EC6C26A292B7250007CE81B /* LayoutConstraintItem.swift */ = {isa = PBXFileReference; fileEncoding = 4; lastKnownFileType = sourcecode.swift; path = LayoutConstraintItem.swift; sourceTree = "<group>"; };
		3EC6C26B292B7250007CE81B /* ConstraintMakerPrioritizable.swift */ = {isa = PBXFileReference; fileEncoding = 4; lastKnownFileType = sourcecode.swift; path = ConstraintMakerPrioritizable.swift; sourceTree = "<group>"; };
		3EC6C26C292B7250007CE81B /* ConstraintDescription.swift */ = {isa = PBXFileReference; fileEncoding = 4; lastKnownFileType = sourcecode.swift; path = ConstraintDescription.swift; sourceTree = "<group>"; };
		3EC6C26D292B7250007CE81B /* ConstraintAttributes.swift */ = {isa = PBXFileReference; fileEncoding = 4; lastKnownFileType = sourcecode.swift; path = ConstraintAttributes.swift; sourceTree = "<group>"; };
		3EC6C26E292B7250007CE81B /* ConstraintViewDSL.swift */ = {isa = PBXFileReference; fileEncoding = 4; lastKnownFileType = sourcecode.swift; path = ConstraintViewDSL.swift; sourceTree = "<group>"; };
		3EC6C26F292B7250007CE81B /* ConstraintPriorityTarget.swift */ = {isa = PBXFileReference; fileEncoding = 4; lastKnownFileType = sourcecode.swift; path = ConstraintPriorityTarget.swift; sourceTree = "<group>"; };
		3EC6C270292B7250007CE81B /* ConstraintInsets.swift */ = {isa = PBXFileReference; fileEncoding = 4; lastKnownFileType = sourcecode.swift; path = ConstraintInsets.swift; sourceTree = "<group>"; };
		3EC6C271292B7250007CE81B /* ConstraintMakerFinalizable.swift */ = {isa = PBXFileReference; fileEncoding = 4; lastKnownFileType = sourcecode.swift; path = ConstraintMakerFinalizable.swift; sourceTree = "<group>"; };
		3EC6C272292B7250007CE81B /* ConstraintDSL.swift */ = {isa = PBXFileReference; fileEncoding = 4; lastKnownFileType = sourcecode.swift; path = ConstraintDSL.swift; sourceTree = "<group>"; };
		3EC6C273292B7250007CE81B /* ConstraintMakerExtendable.swift */ = {isa = PBXFileReference; fileEncoding = 4; lastKnownFileType = sourcecode.swift; path = ConstraintMakerExtendable.swift; sourceTree = "<group>"; };
		3EC6C274292B7250007CE81B /* ConstraintPriority.swift */ = {isa = PBXFileReference; fileEncoding = 4; lastKnownFileType = sourcecode.swift; path = ConstraintPriority.swift; sourceTree = "<group>"; };
		3EC6C275292B7250007CE81B /* ConstraintInsetTarget.swift */ = {isa = PBXFileReference; fileEncoding = 4; lastKnownFileType = sourcecode.swift; path = ConstraintInsetTarget.swift; sourceTree = "<group>"; };
		3EC6C276292B7250007CE81B /* ConstraintDirectionalInsetTarget.swift */ = {isa = PBXFileReference; fileEncoding = 4; lastKnownFileType = sourcecode.swift; path = ConstraintDirectionalInsetTarget.swift; sourceTree = "<group>"; };
		3EC6C277292B7250007CE81B /* ConstraintMakerRelatable+Extensions.swift */ = {isa = PBXFileReference; fileEncoding = 4; lastKnownFileType = sourcecode.swift; path = "ConstraintMakerRelatable+Extensions.swift"; sourceTree = "<group>"; };
		3EC6C278292B7250007CE81B /* ConstraintConfig.swift */ = {isa = PBXFileReference; fileEncoding = 4; lastKnownFileType = sourcecode.swift; path = ConstraintConfig.swift; sourceTree = "<group>"; };
		3EC6C279292B7250007CE81B /* UILayoutSupport+Extensions.swift */ = {isa = PBXFileReference; fileEncoding = 4; lastKnownFileType = sourcecode.swift; path = "UILayoutSupport+Extensions.swift"; sourceTree = "<group>"; };
		3EC6C27A292B7250007CE81B /* ConstraintView.swift */ = {isa = PBXFileReference; fileEncoding = 4; lastKnownFileType = sourcecode.swift; path = ConstraintView.swift; sourceTree = "<group>"; };
		3EC6C27B292B7250007CE81B /* ConstraintLayoutGuide.swift */ = {isa = PBXFileReference; fileEncoding = 4; lastKnownFileType = sourcecode.swift; path = ConstraintLayoutGuide.swift; sourceTree = "<group>"; };
		3EC6C27C292B7250007CE81B /* ConstraintLayoutSupport.swift */ = {isa = PBXFileReference; fileEncoding = 4; lastKnownFileType = sourcecode.swift; path = ConstraintLayoutSupport.swift; sourceTree = "<group>"; };
		3EC6C27D292B7250007CE81B /* Typealiases.swift */ = {isa = PBXFileReference; fileEncoding = 4; lastKnownFileType = sourcecode.swift; path = Typealiases.swift; sourceTree = "<group>"; };
		3EC6C27E292B7250007CE81B /* ConstraintConstantTarget.swift */ = {isa = PBXFileReference; fileEncoding = 4; lastKnownFileType = sourcecode.swift; path = ConstraintConstantTarget.swift; sourceTree = "<group>"; };
		3EC6C27F292B7250007CE81B /* ConstraintOffsetTarget.swift */ = {isa = PBXFileReference; fileEncoding = 4; lastKnownFileType = sourcecode.swift; path = ConstraintOffsetTarget.swift; sourceTree = "<group>"; };
		3EC6C280292B7250007CE81B /* ConstraintMakerEditable.swift */ = {isa = PBXFileReference; fileEncoding = 4; lastKnownFileType = sourcecode.swift; path = ConstraintMakerEditable.swift; sourceTree = "<group>"; };
		3EC6C281292B7250007CE81B /* ConstraintMaker.swift */ = {isa = PBXFileReference; fileEncoding = 4; lastKnownFileType = sourcecode.swift; path = ConstraintMaker.swift; sourceTree = "<group>"; };
		3EC6C282292B7250007CE81B /* ConstraintRelation.swift */ = {isa = PBXFileReference; fileEncoding = 4; lastKnownFileType = sourcecode.swift; path = ConstraintRelation.swift; sourceTree = "<group>"; };
		3EC6C283292B7250007CE81B /* ConstraintLayoutGuideDSL.swift */ = {isa = PBXFileReference; fileEncoding = 4; lastKnownFileType = sourcecode.swift; path = ConstraintLayoutGuideDSL.swift; sourceTree = "<group>"; };
		3EC6C284292B7250007CE81B /* ConstraintView+Extensions.swift */ = {isa = PBXFileReference; fileEncoding = 4; lastKnownFileType = sourcecode.swift; path = "ConstraintView+Extensions.swift"; sourceTree = "<group>"; };
		3EC6C285292B7250007CE81B /* ConstraintItem.swift */ = {isa = PBXFileReference; fileEncoding = 4; lastKnownFileType = sourcecode.swift; path = ConstraintItem.swift; sourceTree = "<group>"; };
		3EC6C286292B7250007CE81B /* Constraint.swift */ = {isa = PBXFileReference; fileEncoding = 4; lastKnownFileType = sourcecode.swift; path = Constraint.swift; sourceTree = "<group>"; };
		3EC6C287292B7250007CE81B /* Debugging.swift */ = {isa = PBXFileReference; fileEncoding = 4; lastKnownFileType = sourcecode.swift; path = Debugging.swift; sourceTree = "<group>"; };
		3EC6C288292B7250007CE81B /* ConstraintRelatableTarget.swift */ = {isa = PBXFileReference; fileEncoding = 4; lastKnownFileType = sourcecode.swift; path = ConstraintRelatableTarget.swift; sourceTree = "<group>"; };
		3EC6C289292B7250007CE81B /* LayoutConstraint.swift */ = {isa = PBXFileReference; fileEncoding = 4; lastKnownFileType = sourcecode.swift; path = LayoutConstraint.swift; sourceTree = "<group>"; };
		3EC6C28A292B7250007CE81B /* ConstraintLayoutGuide+Extensions.swift */ = {isa = PBXFileReference; fileEncoding = 4; lastKnownFileType = sourcecode.swift; path = "ConstraintLayoutGuide+Extensions.swift"; sourceTree = "<group>"; };
		3EC6C28B292B7250007CE81B /* ConstraintDirectionalInsets.swift */ = {isa = PBXFileReference; fileEncoding = 4; lastKnownFileType = sourcecode.swift; path = ConstraintDirectionalInsets.swift; sourceTree = "<group>"; };
		3EC6C28C292B7250007CE81B /* ConstraintLayoutSupportDSL.swift */ = {isa = PBXFileReference; fileEncoding = 4; lastKnownFileType = sourcecode.swift; path = ConstraintLayoutSupportDSL.swift; sourceTree = "<group>"; };
		3EC6C28D292B7250007CE81B /* ConstraintMakerRelatable.swift */ = {isa = PBXFileReference; fileEncoding = 4; lastKnownFileType = sourcecode.swift; path = ConstraintMakerRelatable.swift; sourceTree = "<group>"; };
		3EC6C2B3292B72F8007CE81B /* WisdomProtocolRouterVC.swift */ = {isa = PBXFileReference; lastKnownFileType = sourcecode.swift; path = WisdomProtocolRouterVC.swift; sourceTree = "<group>"; };
		3EC6C2B6292B8DBC007CE81B /* WisdomRouterParam.swift */ = {isa = PBXFileReference; lastKnownFileType = sourcecode.swift; path = WisdomRouterParam.swift; sourceTree = "<group>"; };
		3EC6C2B8292BB0B0007CE81B /* WisdomProtocolRootVC.swift */ = {isa = PBXFileReference; lastKnownFileType = sourcecode.swift; path = WisdomProtocolRootVC.swift; sourceTree = "<group>"; };
		3EC84A1F291E3D820007468E /* WisdomProtocol.app */ = {isa = PBXFileReference; explicitFileType = wrapper.application; includeInIndex = 0; path = WisdomProtocol.app; sourceTree = BUILT_PRODUCTS_DIR; };
		3EC84A22291E3D820007468E /* AppDelegate.swift */ = {isa = PBXFileReference; lastKnownFileType = sourcecode.swift; path = AppDelegate.swift; sourceTree = "<group>"; };
		3EC84A26291E3D820007468E /* WisdomProtocolCell.swift */ = {isa = PBXFileReference; lastKnownFileType = sourcecode.swift; path = WisdomProtocolCell.swift; sourceTree = "<group>"; };
		3EC84A29291E3D820007468E /* Base */ = {isa = PBXFileReference; lastKnownFileType = file.storyboard; name = Base; path = Base.lproj/Main.storyboard; sourceTree = "<group>"; };
		3EC84A2B291E3D840007468E /* Assets.xcassets */ = {isa = PBXFileReference; lastKnownFileType = folder.assetcatalog; path = Assets.xcassets; sourceTree = "<group>"; };
		3EC84A2E291E3D840007468E /* Base */ = {isa = PBXFileReference; lastKnownFileType = file.storyboard; name = Base; path = Base.lproj/LaunchScreen.storyboard; sourceTree = "<group>"; };
		3EC84A30291E3D840007468E /* Info.plist */ = {isa = PBXFileReference; lastKnownFileType = text.plist.xml; path = Info.plist; sourceTree = "<group>"; };
		3EC84A37291E42470007468E /* WisdomRouterable.swift */ = {isa = PBXFileReference; lastKnownFileType = sourcecode.swift; path = WisdomRouterable.swift; sourceTree = "<group>"; };
/* End PBXFileReference section */

/* Begin PBXFrameworksBuildPhase section */
		3EC84A1C291E3D820007468E /* Frameworks */ = {
			isa = PBXFrameworksBuildPhase;
			buildActionMask = 2147483647;
			files = (
			);
			runOnlyForDeploymentPostprocessing = 0;
		};
/* End PBXFrameworksBuildPhase section */

/* Begin PBXGroup section */
		3EC6C268292B7250007CE81B /* SnapKit */ = {
			isa = PBXGroup;
			children = (
				3EC6C269292B7250007CE81B /* ConstraintMultiplierTarget.swift */,
				3EC6C26A292B7250007CE81B /* LayoutConstraintItem.swift */,
				3EC6C26B292B7250007CE81B /* ConstraintMakerPrioritizable.swift */,
				3EC6C26C292B7250007CE81B /* ConstraintDescription.swift */,
				3EC6C26D292B7250007CE81B /* ConstraintAttributes.swift */,
				3EC6C26E292B7250007CE81B /* ConstraintViewDSL.swift */,
				3EC6C26F292B7250007CE81B /* ConstraintPriorityTarget.swift */,
				3EC6C270292B7250007CE81B /* ConstraintInsets.swift */,
				3EC6C271292B7250007CE81B /* ConstraintMakerFinalizable.swift */,
				3EC6C272292B7250007CE81B /* ConstraintDSL.swift */,
				3EC6C273292B7250007CE81B /* ConstraintMakerExtendable.swift */,
				3EC6C274292B7250007CE81B /* ConstraintPriority.swift */,
				3EC6C275292B7250007CE81B /* ConstraintInsetTarget.swift */,
				3EC6C276292B7250007CE81B /* ConstraintDirectionalInsetTarget.swift */,
				3EC6C277292B7250007CE81B /* ConstraintMakerRelatable+Extensions.swift */,
				3EC6C278292B7250007CE81B /* ConstraintConfig.swift */,
				3EC6C279292B7250007CE81B /* UILayoutSupport+Extensions.swift */,
				3EC6C27A292B7250007CE81B /* ConstraintView.swift */,
				3EC6C27B292B7250007CE81B /* ConstraintLayoutGuide.swift */,
				3EC6C27C292B7250007CE81B /* ConstraintLayoutSupport.swift */,
				3EC6C27D292B7250007CE81B /* Typealiases.swift */,
				3EC6C27E292B7250007CE81B /* ConstraintConstantTarget.swift */,
				3EC6C27F292B7250007CE81B /* ConstraintOffsetTarget.swift */,
				3EC6C280292B7250007CE81B /* ConstraintMakerEditable.swift */,
				3EC6C281292B7250007CE81B /* ConstraintMaker.swift */,
				3EC6C282292B7250007CE81B /* ConstraintRelation.swift */,
				3EC6C283292B7250007CE81B /* ConstraintLayoutGuideDSL.swift */,
				3EC6C284292B7250007CE81B /* ConstraintView+Extensions.swift */,
				3EC6C285292B7250007CE81B /* ConstraintItem.swift */,
				3EC6C286292B7250007CE81B /* Constraint.swift */,
				3EC6C287292B7250007CE81B /* Debugging.swift */,
				3EC6C288292B7250007CE81B /* ConstraintRelatableTarget.swift */,
				3EC6C289292B7250007CE81B /* LayoutConstraint.swift */,
				3EC6C28A292B7250007CE81B /* ConstraintLayoutGuide+Extensions.swift */,
				3EC6C28B292B7250007CE81B /* ConstraintDirectionalInsets.swift */,
				3EC6C28C292B7250007CE81B /* ConstraintLayoutSupportDSL.swift */,
				3EC6C28D292B7250007CE81B /* ConstraintMakerRelatable.swift */,
			);
			path = SnapKit;
			sourceTree = "<group>";
		};
		3EC84A16291E3D820007468E = {
			isa = PBXGroup;
			children = (
				3EC84A36291E41340007468E /* Source */,
				3EC84A21291E3D820007468E /* WisdomProtocol */,
				3EC84A20291E3D820007468E /* Products */,
			);
			sourceTree = "<group>";
		};
		3EC84A20291E3D820007468E /* Products */ = {
			isa = PBXGroup;
			children = (
				3EC84A1F291E3D820007468E /* WisdomProtocol.app */,
			);
			name = Products;
			sourceTree = "<group>";
		};
		3EC84A21291E3D820007468E /* WisdomProtocol */ = {
			isa = PBXGroup;
			children = (
				3EC6C268292B7250007CE81B /* SnapKit */,
				3EC84A22291E3D820007468E /* AppDelegate.swift */,
				3EC6C2B8292BB0B0007CE81B /* WisdomProtocolRootVC.swift */,
				3EC6C2B3292B72F8007CE81B /* WisdomProtocolRouterVC.swift */,
				3EC6C2B6292B8DBC007CE81B /* WisdomRouterParam.swift */,
				3EC84A26291E3D820007468E /* WisdomProtocolCell.swift */,
				3EC84A28291E3D820007468E /* Main.storyboard */,
				3EC84A2B291E3D840007468E /* Assets.xcassets */,
				3EC84A2D291E3D840007468E /* LaunchScreen.storyboard */,
				3EC84A30291E3D840007468E /* Info.plist */,
			);
			path = WisdomProtocol;
			sourceTree = "<group>";
		};
		3EC84A36291E41340007468E /* Source */ = {
			isa = PBXGroup;
			children = (
				3EC6C264292B6688007CE81B /* WisdomProtocol.swift */,
				3EBC53F22921D58500FE248C /* WisdomProtocolable.swift */,
				3EC84A37291E42470007468E /* WisdomRouterable.swift */,
				3EBC53FB29225B8D00FE248C /* WisdomProtocolCore.swift */,
			);
			name = Source;
			path = ../Source;
			sourceTree = "<group>";
		};
/* End PBXGroup section */

/* Begin PBXNativeTarget section */
		3EC84A1E291E3D820007468E /* WisdomProtocol */ = {
			isa = PBXNativeTarget;
			buildConfigurationList = 3EC84A33291E3D840007468E /* Build configuration list for PBXNativeTarget "WisdomProtocol" */;
			buildPhases = (
				3EC84A1B291E3D820007468E /* Sources */,
				3EC84A1C291E3D820007468E /* Frameworks */,
				3EC84A1D291E3D820007468E /* Resources */,
			);
			buildRules = (
			);
			dependencies = (
			);
			name = WisdomProtocol;
			productName = WisdomProtocol;
			productReference = 3EC84A1F291E3D820007468E /* WisdomProtocol.app */;
			productType = "com.apple.product-type.application";
		};
/* End PBXNativeTarget section */

/* Begin PBXProject section */
		3EC84A17291E3D820007468E /* Project object */ = {
			isa = PBXProject;
			attributes = {
				BuildIndependentTargetsInParallel = 1;
				LastSwiftUpdateCheck = 1340;
				LastUpgradeCheck = 1340;
				TargetAttributes = {
					3EC84A1E291E3D820007468E = {
						CreatedOnToolsVersion = 13.4.1;
					};
				};
			};
			buildConfigurationList = 3EC84A1A291E3D820007468E /* Build configuration list for PBXProject "WisdomProtocol" */;
			compatibilityVersion = "Xcode 13.0";
			developmentRegion = en;
			hasScannedForEncodings = 0;
			knownRegions = (
				en,
				Base,
			);
			mainGroup = 3EC84A16291E3D820007468E;
			productRefGroup = 3EC84A20291E3D820007468E /* Products */;
			projectDirPath = "";
			projectRoot = "";
			targets = (
				3EC84A1E291E3D820007468E /* WisdomProtocol */,
			);
		};
/* End PBXProject section */

/* Begin PBXResourcesBuildPhase section */
		3EC84A1D291E3D820007468E /* Resources */ = {
			isa = PBXResourcesBuildPhase;
			buildActionMask = 2147483647;
			files = (
				3EC84A2F291E3D840007468E /* LaunchScreen.storyboard in Resources */,
				3EC84A2C291E3D840007468E /* Assets.xcassets in Resources */,
				3EC84A2A291E3D820007468E /* Main.storyboard in Resources */,
			);
			runOnlyForDeploymentPostprocessing = 0;
		};
/* End PBXResourcesBuildPhase section */

/* Begin PBXSourcesBuildPhase section */
		3EC84A1B291E3D820007468E /* Sources */ = {
			isa = PBXSourcesBuildPhase;
			buildActionMask = 2147483647;
			files = (
				3EBC53F32921D58500FE248C /* WisdomProtocolable.swift in Sources */,
				3EC84A27291E3D820007468E /* WisdomProtocolCell.swift in Sources */,
				3EC6C296292B7250007CE81B /* ConstraintMakerFinalizable.swift in Sources */,
				3EC6C290292B7250007CE81B /* ConstraintMakerPrioritizable.swift in Sources */,
				3EC6C2AD292B7250007CE81B /* ConstraintRelatableTarget.swift in Sources */,
				3EC6C2AF292B7250007CE81B /* ConstraintLayoutGuide+Extensions.swift in Sources */,
				3EC6C2B2292B7250007CE81B /* ConstraintMakerRelatable.swift in Sources */,
				3EC6C29C292B7250007CE81B /* ConstraintMakerRelatable+Extensions.swift in Sources */,
				3EC6C2A6292B7250007CE81B /* ConstraintMaker.swift in Sources */,
				3EC6C29B292B7250007CE81B /* ConstraintDirectionalInsetTarget.swift in Sources */,
				3EC6C2B0292B7250007CE81B /* ConstraintDirectionalInsets.swift in Sources */,
				3EC6C2B7292B8DBC007CE81B /* WisdomRouterParam.swift in Sources */,
				3EC6C29E292B7250007CE81B /* UILayoutSupport+Extensions.swift in Sources */,
				3EC6C2A0292B7250007CE81B /* ConstraintLayoutGuide.swift in Sources */,
				3EC6C295292B7250007CE81B /* ConstraintInsets.swift in Sources */,
				3EC6C294292B7250007CE81B /* ConstraintPriorityTarget.swift in Sources */,
				3EC6C2A4292B7250007CE81B /* ConstraintOffsetTarget.swift in Sources */,
				3EC6C293292B7250007CE81B /* ConstraintViewDSL.swift in Sources */,
				3EC6C2A7292B7250007CE81B /* ConstraintRelation.swift in Sources */,
				3EC6C2B9292BB0B0007CE81B /* WisdomProtocolRootVC.swift in Sources */,
				3EC6C2AC292B7250007CE81B /* Debugging.swift in Sources */,
				3EC6C28F292B7250007CE81B /* LayoutConstraintItem.swift in Sources */,
				3EC6C2A3292B7250007CE81B /* ConstraintConstantTarget.swift in Sources */,
				3EC6C2A5292B7250007CE81B /* ConstraintMakerEditable.swift in Sources */,
				3EC6C2AE292B7250007CE81B /* LayoutConstraint.swift in Sources */,
				3EC6C29A292B7250007CE81B /* ConstraintInsetTarget.swift in Sources */,
				3EC6C265292B6688007CE81B /* WisdomProtocol.swift in Sources */,
				3EC6C28E292B7250007CE81B /* ConstraintMultiplierTarget.swift in Sources */,
				3EC6C2B1292B7250007CE81B /* ConstraintLayoutSupportDSL.swift in Sources */,
				3EC6C2A2292B7250007CE81B /* Typealiases.swift in Sources */,
				3EC6C29D292B7250007CE81B /* ConstraintConfig.swift in Sources */,
				3EC84A23291E3D820007468E /* AppDelegate.swift in Sources */,
				3EC84A38291E42470007468E /* WisdomRouterable.swift in Sources */,
				3EC6C2A9292B7250007CE81B /* ConstraintView+Extensions.swift in Sources */,
				3EC6C2AB292B7250007CE81B /* Constraint.swift in Sources */,
				3EC6C2A8292B7250007CE81B /* ConstraintLayoutGuideDSL.swift in Sources */,
				3EC6C2A1292B7250007CE81B /* ConstraintLayoutSupport.swift in Sources */,
				3EC6C2B4292B72F8007CE81B /* WisdomProtocolRouterVC.swift in Sources */,
				3EC6C299292B7250007CE81B /* ConstraintPriority.swift in Sources */,
				3EC6C292292B7250007CE81B /* ConstraintAttributes.swift in Sources */,
				3EC6C29F292B7250007CE81B /* ConstraintView.swift in Sources */,
				3EBC53FC29225B8D00FE248C /* WisdomProtocolCore.swift in Sources */,
				3EC6C291292B7250007CE81B /* ConstraintDescription.swift in Sources */,
				3EC6C297292B7250007CE81B /* ConstraintDSL.swift in Sources */,
				3EC6C298292B7250007CE81B /* ConstraintMakerExtendable.swift in Sources */,
				3EC6C2AA292B7250007CE81B /* ConstraintItem.swift in Sources */,
			);
			runOnlyForDeploymentPostprocessing = 0;
		};
/* End PBXSourcesBuildPhase section */

/* Begin PBXVariantGroup section */
		3EC84A28291E3D820007468E /* Main.storyboard */ = {
			isa = PBXVariantGroup;
			children = (
				3EC84A29291E3D820007468E /* Base */,
			);
			name = Main.storyboard;
			sourceTree = "<group>";
		};
		3EC84A2D291E3D840007468E /* LaunchScreen.storyboard */ = {
			isa = PBXVariantGroup;
			children = (
				3EC84A2E291E3D840007468E /* Base */,
			);
			name = LaunchScreen.storyboard;
			sourceTree = "<group>";
		};
/* End PBXVariantGroup section */

/* Begin XCBuildConfiguration section */
		3EC84A31291E3D840007468E /* Debug */ = {
			isa = XCBuildConfiguration;
			buildSettings = {
				ALWAYS_SEARCH_USER_PATHS = NO;
				CLANG_ANALYZER_NONNULL = YES;
				CLANG_ANALYZER_NUMBER_OBJECT_CONVERSION = YES_AGGRESSIVE;
				CLANG_CXX_LANGUAGE_STANDARD = "gnu++17";
				CLANG_ENABLE_MODULES = YES;
				CLANG_ENABLE_OBJC_ARC = YES;
				CLANG_ENABLE_OBJC_WEAK = YES;
				CLANG_WARN_BLOCK_CAPTURE_AUTORELEASING = YES;
				CLANG_WARN_BOOL_CONVERSION = YES;
				CLANG_WARN_COMMA = YES;
				CLANG_WARN_CONSTANT_CONVERSION = YES;
				CLANG_WARN_DEPRECATED_OBJC_IMPLEMENTATIONS = YES;
				CLANG_WARN_DIRECT_OBJC_ISA_USAGE = YES_ERROR;
				CLANG_WARN_DOCUMENTATION_COMMENTS = YES;
				CLANG_WARN_EMPTY_BODY = YES;
				CLANG_WARN_ENUM_CONVERSION = YES;
				CLANG_WARN_INFINITE_RECURSION = YES;
				CLANG_WARN_INT_CONVERSION = YES;
				CLANG_WARN_NON_LITERAL_NULL_CONVERSION = YES;
				CLANG_WARN_OBJC_IMPLICIT_RETAIN_SELF = YES;
				CLANG_WARN_OBJC_LITERAL_CONVERSION = YES;
				CLANG_WARN_OBJC_ROOT_CLASS = YES_ERROR;
				CLANG_WARN_QUOTED_INCLUDE_IN_FRAMEWORK_HEADER = YES;
				CLANG_WARN_RANGE_LOOP_ANALYSIS = YES;
				CLANG_WARN_STRICT_PROTOTYPES = YES;
				CLANG_WARN_SUSPICIOUS_MOVE = YES;
				CLANG_WARN_UNGUARDED_AVAILABILITY = YES_AGGRESSIVE;
				CLANG_WARN_UNREACHABLE_CODE = YES;
				CLANG_WARN__DUPLICATE_METHOD_MATCH = YES;
				COPY_PHASE_STRIP = NO;
				DEBUG_INFORMATION_FORMAT = dwarf;
				ENABLE_STRICT_OBJC_MSGSEND = YES;
				ENABLE_TESTABILITY = YES;
				GCC_C_LANGUAGE_STANDARD = gnu11;
				GCC_DYNAMIC_NO_PIC = NO;
				GCC_NO_COMMON_BLOCKS = YES;
				GCC_OPTIMIZATION_LEVEL = 0;
				GCC_PREPROCESSOR_DEFINITIONS = (
					"DEBUG=1",
					"$(inherited)",
				);
				GCC_WARN_64_TO_32_BIT_CONVERSION = YES;
				GCC_WARN_ABOUT_RETURN_TYPE = YES_ERROR;
				GCC_WARN_UNDECLARED_SELECTOR = YES;
				GCC_WARN_UNINITIALIZED_AUTOS = YES_AGGRESSIVE;
				GCC_WARN_UNUSED_FUNCTION = YES;
				GCC_WARN_UNUSED_VARIABLE = YES;
				IPHONEOS_DEPLOYMENT_TARGET = 9.0;
				MTL_ENABLE_DEBUG_INFO = INCLUDE_SOURCE;
				MTL_FAST_MATH = YES;
				ONLY_ACTIVE_ARCH = YES;
				SDKROOT = iphoneos;
				SWIFT_ACTIVE_COMPILATION_CONDITIONS = DEBUG;
				SWIFT_OPTIMIZATION_LEVEL = "-Onone";
			};
			name = Debug;
		};
		3EC84A32291E3D840007468E /* Release */ = {
			isa = XCBuildConfiguration;
			buildSettings = {
				ALWAYS_SEARCH_USER_PATHS = NO;
				CLANG_ANALYZER_NONNULL = YES;
				CLANG_ANALYZER_NUMBER_OBJECT_CONVERSION = YES_AGGRESSIVE;
				CLANG_CXX_LANGUAGE_STANDARD = "gnu++17";
				CLANG_ENABLE_MODULES = YES;
				CLANG_ENABLE_OBJC_ARC = YES;
				CLANG_ENABLE_OBJC_WEAK = YES;
				CLANG_WARN_BLOCK_CAPTURE_AUTORELEASING = YES;
				CLANG_WARN_BOOL_CONVERSION = YES;
				CLANG_WARN_COMMA = YES;
				CLANG_WARN_CONSTANT_CONVERSION = YES;
				CLANG_WARN_DEPRECATED_OBJC_IMPLEMENTATIONS = YES;
				CLANG_WARN_DIRECT_OBJC_ISA_USAGE = YES_ERROR;
				CLANG_WARN_DOCUMENTATION_COMMENTS = YES;
				CLANG_WARN_EMPTY_BODY = YES;
				CLANG_WARN_ENUM_CONVERSION = YES;
				CLANG_WARN_INFINITE_RECURSION = YES;
				CLANG_WARN_INT_CONVERSION = YES;
				CLANG_WARN_NON_LITERAL_NULL_CONVERSION = YES;
				CLANG_WARN_OBJC_IMPLICIT_RETAIN_SELF = YES;
				CLANG_WARN_OBJC_LITERAL_CONVERSION = YES;
				CLANG_WARN_OBJC_ROOT_CLASS = YES_ERROR;
				CLANG_WARN_QUOTED_INCLUDE_IN_FRAMEWORK_HEADER = YES;
				CLANG_WARN_RANGE_LOOP_ANALYSIS = YES;
				CLANG_WARN_STRICT_PROTOTYPES = YES;
				CLANG_WARN_SUSPICIOUS_MOVE = YES;
				CLANG_WARN_UNGUARDED_AVAILABILITY = YES_AGGRESSIVE;
				CLANG_WARN_UNREACHABLE_CODE = YES;
				CLANG_WARN__DUPLICATE_METHOD_MATCH = YES;
				COPY_PHASE_STRIP = NO;
				DEBUG_INFORMATION_FORMAT = "dwarf-with-dsym";
				ENABLE_NS_ASSERTIONS = NO;
				ENABLE_STRICT_OBJC_MSGSEND = YES;
				GCC_C_LANGUAGE_STANDARD = gnu11;
				GCC_NO_COMMON_BLOCKS = YES;
				GCC_WARN_64_TO_32_BIT_CONVERSION = YES;
				GCC_WARN_ABOUT_RETURN_TYPE = YES_ERROR;
				GCC_WARN_UNDECLARED_SELECTOR = YES;
				GCC_WARN_UNINITIALIZED_AUTOS = YES_AGGRESSIVE;
				GCC_WARN_UNUSED_FUNCTION = YES;
				GCC_WARN_UNUSED_VARIABLE = YES;
				IPHONEOS_DEPLOYMENT_TARGET = 9.0;
				MTL_ENABLE_DEBUG_INFO = NO;
				MTL_FAST_MATH = YES;
				SDKROOT = iphoneos;
				SWIFT_COMPILATION_MODE = wholemodule;
				SWIFT_OPTIMIZATION_LEVEL = "-O";
				VALIDATE_PRODUCT = YES;
			};
			name = Release;
		};
		3EC84A34291E3D840007468E /* Debug */ = {
			isa = XCBuildConfiguration;
			buildSettings = {
				ASSETCATALOG_COMPILER_APPICON_NAME = AppIcon;
				ASSETCATALOG_COMPILER_GLOBAL_ACCENT_COLOR_NAME = AccentColor;
				CODE_SIGN_STYLE = Automatic;
				CURRENT_PROJECT_VERSION = 1;
				DEVELOPMENT_TEAM = HFM99A4RBU;
				GENERATE_INFOPLIST_FILE = YES;
				INFOPLIST_FILE = WisdomProtocol/Info.plist;
				INFOPLIST_KEY_UIApplicationSupportsIndirectInputEvents = YES;
				INFOPLIST_KEY_UILaunchStoryboardName = LaunchScreen;
				INFOPLIST_KEY_UISupportedInterfaceOrientations = "";
				INFOPLIST_KEY_UISupportedInterfaceOrientations_iPad = "UIInterfaceOrientationPortrait UIInterfaceOrientationPortraitUpsideDown UIInterfaceOrientationLandscapeLeft UIInterfaceOrientationLandscapeRight";
				INFOPLIST_KEY_UISupportedInterfaceOrientations_iPhone = "UIInterfaceOrientationPortrait UIInterfaceOrientationLandscapeLeft UIInterfaceOrientationLandscapeRight";
				IPHONEOS_DEPLOYMENT_TARGET = 9.0;
				LD_RUNPATH_SEARCH_PATHS = (
					"$(inherited)",
					"@executable_path/Frameworks",
				);
				MARKETING_VERSION = 1.0;
				PRODUCT_BUNDLE_IDENTIFIER = com.tangjianfeng.WisdomProtocol;
				PRODUCT_NAME = "$(TARGET_NAME)";
				SWIFT_EMIT_LOC_STRINGS = YES;
				SWIFT_VERSION = 5.0;
				TARGETED_DEVICE_FAMILY = "1,2";
			};
			name = Debug;
		};
		3EC84A35291E3D840007468E /* Release */ = {
			isa = XCBuildConfiguration;
			buildSettings = {
				ASSETCATALOG_COMPILER_APPICON_NAME = AppIcon;
				ASSETCATALOG_COMPILER_GLOBAL_ACCENT_COLOR_NAME = AccentColor;
				CODE_SIGN_STYLE = Automatic;
				CURRENT_PROJECT_VERSION = 1;
				DEVELOPMENT_TEAM = HFM99A4RBU;
				GENERATE_INFOPLIST_FILE = YES;
				INFOPLIST_FILE = WisdomProtocol/Info.plist;
				INFOPLIST_KEY_UIApplicationSupportsIndirectInputEvents = YES;
				INFOPLIST_KEY_UILaunchStoryboardName = LaunchScreen;
				INFOPLIST_KEY_UISupportedInterfaceOrientations = "";
				INFOPLIST_KEY_UISupportedInterfaceOrientations_iPad = "UIInterfaceOrientationPortrait UIInterfaceOrientationPortraitUpsideDown UIInterfaceOrientationLandscapeLeft UIInterfaceOrientationLandscapeRight";
				INFOPLIST_KEY_UISupportedInterfaceOrientations_iPhone = "UIInterfaceOrientationPortrait UIInterfaceOrientationLandscapeLeft UIInterfaceOrientationLandscapeRight";
				IPHONEOS_DEPLOYMENT_TARGET = 9.0;
				LD_RUNPATH_SEARCH_PATHS = (
					"$(inherited)",
					"@executable_path/Frameworks",
				);
				MARKETING_VERSION = 1.0;
				PRODUCT_BUNDLE_IDENTIFIER = com.tangjianfeng.WisdomProtocol;
				PRODUCT_NAME = "$(TARGET_NAME)";
				SWIFT_EMIT_LOC_STRINGS = YES;
				SWIFT_VERSION = 5.0;
				TARGETED_DEVICE_FAMILY = "1,2";
			};
			name = Release;
		};
/* End XCBuildConfiguration section */

/* Begin XCConfigurationList section */
		3EC84A1A291E3D820007468E /* Build configuration list for PBXProject "WisdomProtocol" */ = {
			isa = XCConfigurationList;
			buildConfigurations = (
				3EC84A31291E3D840007468E /* Debug */,
				3EC84A32291E3D840007468E /* Release */,
			);
			defaultConfigurationIsVisible = 0;
			defaultConfigurationName = Release;
		};
		3EC84A33291E3D840007468E /* Build configuration list for PBXNativeTarget "WisdomProtocol" */ = {
			isa = XCConfigurationList;
			buildConfigurations = (
				3EC84A34291E3D840007468E /* Debug */,
				3EC84A35291E3D840007468E /* Release */,
			);
			defaultConfigurationIsVisible = 0;
			defaultConfigurationName = Release;
		};
/* End XCConfigurationList section */
	};
	rootObject = 3EC84A17291E3D820007468E /* Project object */;
}
