PODS:
  - SnapKit (4.2.0)
  - WisdomProtocol (0.0.2)

DEPENDENCIES:
  - SnapKit
  - WisdomProtocol (~> 0.0.2)

SPEC REPOS:
  trunk:
    - SnapKit
    - WisdomProtocol

SPEC CHECKSUMS:
  SnapKit: fe8a619752f3f27075cc9a90244d75c6c3f27e2a
  WisdomProtocol: fedd3988867830d5f8055bd567ac11051379a1b1

PODFILE CHECKSUM: edb21ecf3d4d7de75a5e138d4b4334d63a56bc45

COCOAPODS: 1.11.3
