PODS:
  - SnapKit (4.2.0)
  - WisdomProtocol (0.1.4)

DEPENDENCIES:
  - SnapKit
  - WisdomProtocol (~> 0.1.4)

SPEC REPOS:
  trunk:
    - SnapKit
    - WisdomProtocol

SPEC CHECKSUMS:
  SnapKit: fe8a619752f3f27075cc9a90244d75c6c3f27e2a
  WisdomProtocol: ec8356ba017ca7eab120c5f3dfd896a0a60892ba

PODFILE CHECKSUM: 898a4526bd6d0f8a2e0989d989da5fba6f73c236

COCOAPODS: 1.12.0
